
Microsoft Visual Studio Solution File, Format Version 12.00
# Visual Studio Version 16
VisualStudioVersion = 16.0.30225.117
MinimumVisualStudioVersion = 10.0.40219.1
Project("{FAE04EC0-301F-11D3-BF4B-00C04F79EFBC}") = "meat_api", "meat_api.csproj", "{FB423951-8842-4004-9F85-7D76C3325D9F}"
EndProject
Global
	GlobalSection(SolutionConfigurationPlatforms) = preSolution
		Debug|Any CPU = Debug|Any CPU
		Release|Any CPU = Release|Any CPU
	EndGlobalSection
	GlobalSection(ProjectConfigurationPlatforms) = postSolution
		{FB423951-8842-4004-9F85-7D76C3325D9F}.Debug|Any CPU.ActiveCfg = Debug|Any CPU
		{FB423951-8842-4004-9F85-7D76C3325D9F}.Debug|Any CPU.Build.0 = Debug|Any CPU
		{FB423951-8842-4004-9F85-7D76C3325D9F}.Release|Any CPU.ActiveCfg = Release|Any CPU
		{FB423951-8842-4004-9F85-7D76C3325D9F}.Release|Any CPU.Build.0 = Release|Any CPU
	EndGlobalSection
	GlobalSection(SolutionProperties) = preSolution
		HideSolutionNode = FALSE
	EndGlobalSection
	GlobalSection(ExtensibilityGlobals) = postSolution
		SolutionGuid = {BA874FAD-C809-47E9-BE99-5477A54CB974}
	EndGlobalSection
EndGlobal
